
Microsoft Visual Studio Solution File, Format Version 12.00
# Visual Studio Version 16
VisualStudioVersion = 16.0.31624.102
MinimumVisualStudioVersion = 10.0.40219.1
Project("{FAE04EC0-301F-11D3-BF4B-00C04F79EFBC}") = "Hotel", "Hotel\Hotel.csproj", "{5904F316-2160-4157-9A56-1BF4D13478AD}"
EndProject
Global
	GlobalSection(SolutionConfigurationPlatforms) = preSolution
		Debug|Any CPU = Debug|Any CPU
		Release|Any CPU = Release|Any CPU
	EndGlobalSection
	GlobalSection(ProjectConfigurationPlatforms) = postSolution
		{5904F316-2160-4157-9A56-1BF4D13478AD}.Debug|Any CPU.ActiveCfg = Debug|Any CPU
		{5904F316-2160-4157-9A56-1BF4D13478AD}.Debug|Any CPU.Build.0 = Debug|Any CPU
		{5904F316-2160-4157-9A56-1BF4D13478AD}.Release|Any CPU.ActiveCfg = Release|Any CPU
		{5904F316-2160-4157-9A56-1BF4D13478AD}.Release|Any CPU.Build.0 = Release|Any CPU
	EndGlobalSection
	GlobalSection(SolutionProperties) = preSolution
		HideSolutionNode = FALSE
	EndGlobalSection
	GlobalSection(ExtensibilityGlobals) = postSolution
		SolutionGuid = {5454F3BA-3F9E-40E4-B922-EA05B1B94EF9}
	EndGlobalSection
EndGlobal
